
Microsoft Visual Studio Solution File, Format Version 12.00
# Visual Studio 2013
VisualStudioVersion = 12.0.31101.0
MinimumVisualStudioVersion = 10.0.40219.1
Project("{FAE04EC0-301F-11D3-BF4B-00C04F79EFBC}") = "FacadePattern", "FacadePattern\FacadePattern.csproj", "{1A73292E-13D5-4372-8404-F5DCC1B3A79B}"
EndProject
Project("{FAE04EC0-301F-11D3-BF4B-00C04F79EFBC}") = "AdapterPattern", "AdapterPattern\AdapterPattern.csproj", "{EE13AE6C-4908-45C9-87A9-887907BDDB34}"
EndProject
Project("{FAE04EC0-301F-11D3-BF4B-00C04F79EFBC}") = "DecoratorPattern", "DecoratorPattern\DecoratorPattern.csproj", "{08862E65-BA57-495D-B93C-81C66EDC5AAF}"
EndProject
Global
	GlobalSection(SolutionConfigurationPlatforms) = preSolution
		Debug|Any CPU = Debug|Any CPU
		Release|Any CPU = Release|Any CPU
	EndGlobalSection
	GlobalSection(ProjectConfigurationPlatforms) = postSolution
		{1A73292E-13D5-4372-8404-F5DCC1B3A79B}.Debug|Any CPU.ActiveCfg = Debug|Any CPU
		{1A73292E-13D5-4372-8404-F5DCC1B3A79B}.Debug|Any CPU.Build.0 = Debug|Any CPU
		{1A73292E-13D5-4372-8404-F5DCC1B3A79B}.Release|Any CPU.ActiveCfg = Release|Any CPU
		{1A73292E-13D5-4372-8404-F5DCC1B3A79B}.Release|Any CPU.Build.0 = Release|Any CPU
		{EE13AE6C-4908-45C9-87A9-887907BDDB34}.Debug|Any CPU.ActiveCfg = Debug|Any CPU
		{EE13AE6C-4908-45C9-87A9-887907BDDB34}.Debug|Any CPU.Build.0 = Debug|Any CPU
		{EE13AE6C-4908-45C9-87A9-887907BDDB34}.Release|Any CPU.ActiveCfg = Release|Any CPU
		{EE13AE6C-4908-45C9-87A9-887907BDDB34}.Release|Any CPU.Build.0 = Release|Any CPU
		{08862E65-BA57-495D-B93C-81C66EDC5AAF}.Debug|Any CPU.ActiveCfg = Debug|Any CPU
		{08862E65-BA57-495D-B93C-81C66EDC5AAF}.Debug|Any CPU.Build.0 = Debug|Any CPU
		{08862E65-BA57-495D-B93C-81C66EDC5AAF}.Release|Any CPU.ActiveCfg = Release|Any CPU
		{08862E65-BA57-495D-B93C-81C66EDC5AAF}.Release|Any CPU.Build.0 = Release|Any CPU
	EndGlobalSection
	GlobalSection(SolutionProperties) = preSolution
		HideSolutionNode = FALSE
	EndGlobalSection
EndGlobal
